
Microsoft Visual Studio Solution File, Format Version 12.00
# Visual Studio Version 17
VisualStudioVersion = 17.10.35004.147
MinimumVisualStudioVersion = 10.0.40219.1
Project("{FAE04EC0-301F-11D3-BF4B-00C04F79EFBC}") = "DataOrganization_2", "DataOrganization_2\DataOrganization_2.csproj", "{7FA4D82E-CB03-464F-BC8B-AF35E721DD47}"
EndProject
Global
	GlobalSection(SolutionConfigurationPlatforms) = preSolution
		Debug|Any CPU = Debug|Any CPU
		Release|Any CPU = Release|Any CPU
	EndGlobalSection
	GlobalSection(ProjectConfigurationPlatforms) = postSolution
		{7FA4D82E-CB03-464F-BC8B-AF35E721DD47}.Debug|Any CPU.ActiveCfg = Debug|Any CPU
		{7FA4D82E-CB03-464F-BC8B-AF35E721DD47}.Debug|Any CPU.Build.0 = Debug|Any CPU
		{7FA4D82E-CB03-464F-BC8B-AF35E721DD47}.Release|Any CPU.ActiveCfg = Release|Any CPU
		{7FA4D82E-CB03-464F-BC8B-AF35E721DD47}.Release|Any CPU.Build.0 = Release|Any CPU
	EndGlobalSection
	GlobalSection(SolutionProperties) = preSolution
		HideSolutionNode = FALSE
	EndGlobalSection
	GlobalSection(ExtensibilityGlobals) = postSolution
		SolutionGuid = {4AA96200-C33E-48ED-84D3-A6AE8124E4D1}
	EndGlobalSection
EndGlobal
